{
  "object": {
    "pins": [
      {
        "package": "AudioKit",
        "repositoryURL": "https://github.com/AudioKit/AudioKit",
        "state": {
          "branch": "v5-main",
          "revision": "fd316dd05f02e4ef7ff60f9be0a31b8a24053b1e",
          "version": null
        }
      },
      {
        "package": "combine-schedulers",
        "repositoryURL": "https://github.com/pointfreeco/combine-schedulers",
        "state": {
          "branch": null,
          "revision": "ff42ec9061d864de7982162011321d3df5080c10",
          "version": "0.1.2"
        }
      },
      {
        "package": "MusicTheory",
        "repositoryURL": "https://github.com/cemolcay/MusicTheory",
        "state": {
          "branch": null,
          "revision": "c98ffac448a3096717a841de31eb4a6cbcd873d4",
          "version": "1.3.1"
        }
      },
      {
        "package": "swift-case-paths",
        "repositoryURL": "https://github.com/pointfreeco/swift-case-paths",
        "state": {
          "branch": null,
          "revision": "ed1838ab4fa5d47db8aa640736dd5b7672548873",
          "version": "0.1.2"
        }
      },
      {
        "package": "swift-composable-architecture",
        "repositoryURL": "https://github.com/pointfreeco/swift-composable-architecture",
        "state": {
          "branch": null,
          "revision": "37c6312ba43ec697063abe5956908db6b71aa68a",
          "version": "0.11.0"
        }
      }
    ]
  },
  "version": 1
}
