// !$*UTF8*$!
{
	archiveVersion = 1;
	classes = {
	};
	objectVersion = 52;
	objects = {

/* Begin PBXBuildFile section */
		3372745D25BB25320054564E /* PianoModel.swift in Sources */ = {isa = PBXBuildFile; fileRef = 3372745C25BB25320054564E /* PianoModel.swift */; };
		3372746025BB25430054564E /* PianoView.swift in Sources */ = {isa = PBXBuildFile; fileRef = 3372745F25BB25430054564E /* PianoView.swift */; };
		3372746325BB25710054564E /* PianoKeyModel.swift in Sources */ = {isa = PBXBuildFile; fileRef = 3372746225BB25710054564E /* PianoKeyModel.swift */; };
		3372746625BB25800054564E /* PianoKeyView.swift in Sources */ = {isa = PBXBuildFile; fileRef = 3372746525BB25800054564E /* PianoKeyView.swift */; };
		3372746925BB258C0054564E /* KeyShape.swift in Sources */ = {isa = PBXBuildFile; fileRef = 3372746825BB258C0054564E /* KeyShape.swift */; };
		33F8EF8325BB19FE00ADF72C /* AnotherCoreAudioAttemptApp.swift in Sources */ = {isa = PBXBuildFile; fileRef = 33F8EF8225BB19FE00ADF72C /* AnotherCoreAudioAttemptApp.swift */; };
		33F8EF8525BB19FE00ADF72C /* ContentView.swift in Sources */ = {isa = PBXBuildFile; fileRef = 33F8EF8425BB19FE00ADF72C /* ContentView.swift */; };
		33F8EF8725BB19FF00ADF72C /* Assets.xcassets in Resources */ = {isa = PBXBuildFile; fileRef = 33F8EF8625BB19FF00ADF72C /* Assets.xcassets */; };
		33F8EF8A25BB19FF00ADF72C /* Preview Assets.xcassets in Resources */ = {isa = PBXBuildFile; fileRef = 33F8EF8925BB19FF00ADF72C /* Preview Assets.xcassets */; };
		33F8EF9525BB1B0A00ADF72C /* AudioKit in Frameworks */ = {isa = PBXBuildFile; productRef = 33F8EF9425BB1B0A00ADF72C /* AudioKit */; };
		33F8EF9A25BB1EC800ADF72C /* PianoSound.swift in Sources */ = {isa = PBXBuildFile; fileRef = 33F8EF9925BB1EC800ADF72C /* PianoSound.swift */; };
		33F8EFA925BB1F1800ADF72C /* VL Acoustic Guitar 1.1.sf2 in Resources */ = {isa = PBXBuildFile; fileRef = 33F8EF9D25BB1F1800ADF72C /* VL Acoustic Guitar 1.1.sf2 */; };
		33F8EFAA25BB1F1800ADF72C /* NylonFinger.sf2 in Resources */ = {isa = PBXBuildFile; fileRef = 33F8EF9E25BB1F1800ADF72C /* NylonFinger.sf2 */; };
		33F8EFAB25BB1F1800ADF72C /* Guitar Acoustic (963KB).sf2 in Resources */ = {isa = PBXBuildFile; fileRef = 33F8EF9F25BB1F1800ADF72C /* Guitar Acoustic (963KB).sf2 */; };
		33F8EFAC25BB1F1800ADF72C /* MidiSoundFont.swift in Sources */ = {isa = PBXBuildFile; fileRef = 33F8EFA025BB1F1800ADF72C /* MidiSoundFont.swift */; };
		33F8EFAD25BB1F1800ADF72C /* Guitar Acoustic melo.SF2 in Resources */ = {isa = PBXBuildFile; fileRef = 33F8EFA125BB1F1800ADF72C /* Guitar Acoustic melo.SF2 */; };
		33F8EFAE25BB1F1800ADF72C /* Donnys Guitar.SF2 in Resources */ = {isa = PBXBuildFile; fileRef = 33F8EFA225BB1F1800ADF72C /* Donnys Guitar.SF2 */; };
		33F8EFAF25BB1F1800ADF72C /* Wah Wah Guitar.sf2 in Resources */ = {isa = PBXBuildFile; fileRef = 33F8EFA325BB1F1800ADF72C /* Wah Wah Guitar.sf2 */; };
		33F8EFB025BB1F1800ADF72C /* emuaps_8mb.sf2 in Resources */ = {isa = PBXBuildFile; fileRef = 33F8EFA425BB1F1800ADF72C /* emuaps_8mb.sf2 */; };
		33F8EFB125BB1F1800ADF72C /* Guitar_Roland Steel Guitar.sf2 in Resources */ = {isa = PBXBuildFile; fileRef = 33F8EFA525BB1F1800ADF72C /* Guitar_Roland Steel Guitar.sf2 */; };
		33F8EFB225BB1F1800ADF72C /* Guitar.SF2 in Resources */ = {isa = PBXBuildFile; fileRef = 33F8EFA625BB1F1800ADF72C /* Guitar.SF2 */; };
		33F8EFB325BB1F1800ADF72C /* Guitar_Studio FG460s II Pro Guitar Pack.SF2 in Resources */ = {isa = PBXBuildFile; fileRef = 33F8EFA725BB1F1800ADF72C /* Guitar_Studio FG460s II Pro Guitar Pack.SF2 */; };
		33F8EFB425BB1F1800ADF72C /* Naturally Decaying B-Guitars.sf2 in Resources */ = {isa = PBXBuildFile; fileRef = 33F8EFA825BB1F1800ADF72C /* Naturally Decaying B-Guitars.sf2 */; };
		33F8EFB825BB20A100ADF72C /* ViewModifier+Extensions.swift in Sources */ = {isa = PBXBuildFile; fileRef = 33F8EFB725BB20A100ADF72C /* ViewModifier+Extensions.swift */; };
/* End PBXBuildFile section */

/* Begin PBXFileReference section */
		3372745C25BB25320054564E /* PianoModel.swift */ = {isa = PBXFileReference; lastKnownFileType = sourcecode.swift; path = PianoModel.swift; sourceTree = "<group>"; };
		3372745F25BB25430054564E /* PianoView.swift */ = {isa = PBXFileReference; lastKnownFileType = sourcecode.swift; path = PianoView.swift; sourceTree = "<group>"; };
		3372746225BB25710054564E /* PianoKeyModel.swift */ = {isa = PBXFileReference; lastKnownFileType = sourcecode.swift; path = PianoKeyModel.swift; sourceTree = "<group>"; };
		3372746525BB25800054564E /* PianoKeyView.swift */ = {isa = PBXFileReference; lastKnownFileType = sourcecode.swift; path = PianoKeyView.swift; sourceTree = "<group>"; };
		3372746825BB258C0054564E /* KeyShape.swift */ = {isa = PBXFileReference; lastKnownFileType = sourcecode.swift; path = KeyShape.swift; sourceTree = "<group>"; };
		33F8EF7F25BB19FE00ADF72C /* AnotherCoreAudioAttempt.app */ = {isa = PBXFileReference; explicitFileType = wrapper.application; includeInIndex = 0; path = AnotherCoreAudioAttempt.app; sourceTree = BUILT_PRODUCTS_DIR; };
		33F8EF8225BB19FE00ADF72C /* AnotherCoreAudioAttemptApp.swift */ = {isa = PBXFileReference; lastKnownFileType = sourcecode.swift; path = AnotherCoreAudioAttemptApp.swift; sourceTree = "<group>"; };
		33F8EF8425BB19FE00ADF72C /* ContentView.swift */ = {isa = PBXFileReference; lastKnownFileType = sourcecode.swift; path = ContentView.swift; sourceTree = "<group>"; };
		33F8EF8625BB19FF00ADF72C /* Assets.xcassets */ = {isa = PBXFileReference; lastKnownFileType = folder.assetcatalog; path = Assets.xcassets; sourceTree = "<group>"; };
		33F8EF8925BB19FF00ADF72C /* Preview Assets.xcassets */ = {isa = PBXFileReference; lastKnownFileType = folder.assetcatalog; path = "Preview Assets.xcassets"; sourceTree = "<group>"; };
		33F8EF8B25BB19FF00ADF72C /* Info.plist */ = {isa = PBXFileReference; lastKnownFileType = text.plist.xml; path = Info.plist; sourceTree = "<group>"; };
		33F8EF8C25BB19FF00ADF72C /* AnotherCoreAudioAttempt.entitlements */ = {isa = PBXFileReference; lastKnownFileType = text.plist.entitlements; path = AnotherCoreAudioAttempt.entitlements; sourceTree = "<group>"; };
		33F8EF9925BB1EC800ADF72C /* PianoSound.swift */ = {isa = PBXFileReference; lastKnownFileType = sourcecode.swift; path = PianoSound.swift; sourceTree = "<group>"; };
		33F8EF9D25BB1F1800ADF72C /* VL Acoustic Guitar 1.1.sf2 */ = {isa = PBXFileReference; lastKnownFileType = file; path = "VL Acoustic Guitar 1.1.sf2"; sourceTree = "<group>"; };
		33F8EF9E25BB1F1800ADF72C /* NylonFinger.sf2 */ = {isa = PBXFileReference; lastKnownFileType = file; path = NylonFinger.sf2; sourceTree = "<group>"; };
		33F8EF9F25BB1F1800ADF72C /* Guitar Acoustic (963KB).sf2 */ = {isa = PBXFileReference; lastKnownFileType = file; path = "Guitar Acoustic (963KB).sf2"; sourceTree = "<group>"; };
		33F8EFA025BB1F1800ADF72C /* MidiSoundFont.swift */ = {isa = PBXFileReference; fileEncoding = 4; lastKnownFileType = sourcecode.swift; path = MidiSoundFont.swift; sourceTree = "<group>"; };
		33F8EFA125BB1F1800ADF72C /* Guitar Acoustic melo.SF2 */ = {isa = PBXFileReference; lastKnownFileType = file; path = "Guitar Acoustic melo.SF2"; sourceTree = "<group>"; };
		33F8EFA225BB1F1800ADF72C /* Donnys Guitar.SF2 */ = {isa = PBXFileReference; lastKnownFileType = file; path = "Donnys Guitar.SF2"; sourceTree = "<group>"; };
		33F8EFA325BB1F1800ADF72C /* Wah Wah Guitar.sf2 */ = {isa = PBXFileReference; lastKnownFileType = file; path = "Wah Wah Guitar.sf2"; sourceTree = "<group>"; };
		33F8EFA425BB1F1800ADF72C /* emuaps_8mb.sf2 */ = {isa = PBXFileReference; lastKnownFileType = file; path = emuaps_8mb.sf2; sourceTree = "<group>"; };
		33F8EFA525BB1F1800ADF72C /* Guitar_Roland Steel Guitar.sf2 */ = {isa = PBXFileReference; lastKnownFileType = file; path = "Guitar_Roland Steel Guitar.sf2"; sourceTree = "<group>"; };
		33F8EFA625BB1F1800ADF72C /* Guitar.SF2 */ = {isa = PBXFileReference; lastKnownFileType = file; path = Guitar.SF2; sourceTree = "<group>"; };
		33F8EFA725BB1F1800ADF72C /* Guitar_Studio FG460s II Pro Guitar Pack.SF2 */ = {isa = PBXFileReference; lastKnownFileType = file; path = "Guitar_Studio FG460s II Pro Guitar Pack.SF2"; sourceTree = "<group>"; };
		33F8EFA825BB1F1800ADF72C /* Naturally Decaying B-Guitars.sf2 */ = {isa = PBXFileReference; lastKnownFileType = file; path = "Naturally Decaying B-Guitars.sf2"; sourceTree = "<group>"; };
		33F8EFB725BB20A100ADF72C /* ViewModifier+Extensions.swift */ = {isa = PBXFileReference; lastKnownFileType = sourcecode.swift; path = "ViewModifier+Extensions.swift"; sourceTree = "<group>"; };
/* End PBXFileReference section */

/* Begin PBXFrameworksBuildPhase section */
		33F8EF7C25BB19FE00ADF72C /* Frameworks */ = {
			isa = PBXFrameworksBuildPhase;
			buildActionMask = 2147483647;
			files = (
				33F8EF9525BB1B0A00ADF72C /* AudioKit in Frameworks */,
			);
			runOnlyForDeploymentPostprocessing = 0;
		};
/* End PBXFrameworksBuildPhase section */

/* Begin PBXGroup section */
		33F8EF7625BB19FE00ADF72C = {
			isa = PBXGroup;
			children = (
				33F8EF8125BB19FE00ADF72C /* AnotherCoreAudioAttempt */,
				33F8EF8025BB19FE00ADF72C /* Products */,
			);
			sourceTree = "<group>";
		};
		33F8EF8025BB19FE00ADF72C /* Products */ = {
			isa = PBXGroup;
			children = (
				33F8EF7F25BB19FE00ADF72C /* AnotherCoreAudioAttempt.app */,
			);
			name = Products;
			sourceTree = "<group>";
		};
		33F8EF8125BB19FE00ADF72C /* AnotherCoreAudioAttempt */ = {
			isa = PBXGroup;
			children = (
				33F8EFBB25BB20E800ADF72C /* Common */,
				33F8EF9C25BB1F1800ADF72C /* MidiSoundFonts */,
				33F8EF9925BB1EC800ADF72C /* PianoSound.swift */,
				3372745C25BB25320054564E /* PianoModel.swift */,
				3372745F25BB25430054564E /* PianoView.swift */,
				3372746225BB25710054564E /* PianoKeyModel.swift */,
				3372746525BB25800054564E /* PianoKeyView.swift */,
				3372746825BB258C0054564E /* KeyShape.swift */,
				33F8EF8225BB19FE00ADF72C /* AnotherCoreAudioAttemptApp.swift */,
				33F8EF8425BB19FE00ADF72C /* ContentView.swift */,
				33F8EF8625BB19FF00ADF72C /* Assets.xcassets */,
				33F8EF8B25BB19FF00ADF72C /* Info.plist */,
				33F8EF8C25BB19FF00ADF72C /* AnotherCoreAudioAttempt.entitlements */,
				33F8EF8825BB19FF00ADF72C /* Preview Content */,
			);
			path = AnotherCoreAudioAttempt;
			sourceTree = "<group>";
		};
		33F8EF8825BB19FF00ADF72C /* Preview Content */ = {
			isa = PBXGroup;
			children = (
				33F8EF8925BB19FF00ADF72C /* Preview Assets.xcassets */,
			);
			path = "Preview Content";
			sourceTree = "<group>";
		};
		33F8EF9C25BB1F1800ADF72C /* MidiSoundFonts */ = {
			isa = PBXGroup;
			children = (
				33F8EFA225BB1F1800ADF72C /* Donnys Guitar.SF2 */,
				33F8EF9D25BB1F1800ADF72C /* VL Acoustic Guitar 1.1.sf2 */,
				33F8EF9E25BB1F1800ADF72C /* NylonFinger.sf2 */,
				33F8EF9F25BB1F1800ADF72C /* Guitar Acoustic (963KB).sf2 */,
				33F8EFA025BB1F1800ADF72C /* MidiSoundFont.swift */,
				33F8EFA125BB1F1800ADF72C /* Guitar Acoustic melo.SF2 */,
				33F8EFA325BB1F1800ADF72C /* Wah Wah Guitar.sf2 */,
				33F8EFA425BB1F1800ADF72C /* emuaps_8mb.sf2 */,
				33F8EFA525BB1F1800ADF72C /* Guitar_Roland Steel Guitar.sf2 */,
				33F8EFA625BB1F1800ADF72C /* Guitar.SF2 */,
				33F8EFA725BB1F1800ADF72C /* Guitar_Studio FG460s II Pro Guitar Pack.SF2 */,
				33F8EFA825BB1F1800ADF72C /* Naturally Decaying B-Guitars.sf2 */,
			);
			path = MidiSoundFonts;
			sourceTree = "<group>";
		};
		33F8EFBB25BB20E800ADF72C /* Common */ = {
			isa = PBXGroup;
			children = (
				33F8EFB725BB20A100ADF72C /* ViewModifier+Extensions.swift */,
			);
			path = Common;
			sourceTree = "<group>";
		};
/* End PBXGroup section */

/* Begin PBXNativeTarget section */
		33F8EF7E25BB19FE00ADF72C /* AnotherCoreAudioAttempt */ = {
			isa = PBXNativeTarget;
			buildConfigurationList = 33F8EF8F25BB19FF00ADF72C /* Build configuration list for PBXNativeTarget "AnotherCoreAudioAttempt" */;
			buildPhases = (
				33F8EF7B25BB19FE00ADF72C /* Sources */,
				33F8EF7C25BB19FE00ADF72C /* Frameworks */,
				33F8EF7D25BB19FE00ADF72C /* Resources */,
			);
			buildRules = (
			);
			dependencies = (
			);
			name = AnotherCoreAudioAttempt;
			packageProductDependencies = (
				33F8EF9425BB1B0A00ADF72C /* AudioKit */,
			);
			productName = AnotherCoreAudioAttempt;
			productReference = 33F8EF7F25BB19FE00ADF72C /* AnotherCoreAudioAttempt.app */;
			productType = "com.apple.product-type.application";
		};
/* End PBXNativeTarget section */

/* Begin PBXProject section */
		33F8EF7725BB19FE00ADF72C /* Project object */ = {
			isa = PBXProject;
			attributes = {
				LastSwiftUpdateCheck = 1230;
				LastUpgradeCheck = 1230;
				TargetAttributes = {
					33F8EF7E25BB19FE00ADF72C = {
						CreatedOnToolsVersion = 12.3;
					};
				};
			};
			buildConfigurationList = 33F8EF7A25BB19FE00ADF72C /* Build configuration list for PBXProject "AnotherCoreAudioAttempt" */;
			compatibilityVersion = "Xcode 9.3";
			developmentRegion = en;
			hasScannedForEncodings = 0;
			knownRegions = (
				en,
				Base,
			);
			mainGroup = 33F8EF7625BB19FE00ADF72C;
			packageReferences = (
				33F8EF9325BB1B0A00ADF72C /* XCRemoteSwiftPackageReference "AudioKit" */,
			);
			productRefGroup = 33F8EF8025BB19FE00ADF72C /* Products */;
			projectDirPath = "";
			projectRoot = "";
			targets = (
				33F8EF7E25BB19FE00ADF72C /* AnotherCoreAudioAttempt */,
			);
		};
/* End PBXProject section */

/* Begin PBXResourcesBuildPhase section */
		33F8EF7D25BB19FE00ADF72C /* Resources */ = {
			isa = PBXResourcesBuildPhase;
			buildActionMask = 2147483647;
			files = (
				33F8EFA925BB1F1800ADF72C /* VL Acoustic Guitar 1.1.sf2 in Resources */,
				33F8EFAD25BB1F1800ADF72C /* Guitar Acoustic melo.SF2 in Resources */,
				33F8EFAB25BB1F1800ADF72C /* Guitar Acoustic (963KB).sf2 in Resources */,
				33F8EFB325BB1F1800ADF72C /* Guitar_Studio FG460s II Pro Guitar Pack.SF2 in Resources */,
				33F8EF8A25BB19FF00ADF72C /* Preview Assets.xcassets in Resources */,
				33F8EF8725BB19FF00ADF72C /* Assets.xcassets in Resources */,
				33F8EFAA25BB1F1800ADF72C /* NylonFinger.sf2 in Resources */,
				33F8EFB425BB1F1800ADF72C /* Naturally Decaying B-Guitars.sf2 in Resources */,
				33F8EFAE25BB1F1800ADF72C /* Donnys Guitar.SF2 in Resources */,
				33F8EFB125BB1F1800ADF72C /* Guitar_Roland Steel Guitar.sf2 in Resources */,
				33F8EFB025BB1F1800ADF72C /* emuaps_8mb.sf2 in Resources */,
				33F8EFAF25BB1F1800ADF72C /* Wah Wah Guitar.sf2 in Resources */,
				33F8EFB225BB1F1800ADF72C /* Guitar.SF2 in Resources */,
			);
			runOnlyForDeploymentPostprocessing = 0;
		};
/* End PBXResourcesBuildPhase section */

/* Begin PBXSourcesBuildPhase section */
		33F8EF7B25BB19FE00ADF72C /* Sources */ = {
			isa = PBXSourcesBuildPhase;
			buildActionMask = 2147483647;
			files = (
				33F8EFB825BB20A100ADF72C /* ViewModifier+Extensions.swift in Sources */,
				3372746925BB258C0054564E /* KeyShape.swift in Sources */,
				3372745D25BB25320054564E /* PianoModel.swift in Sources */,
				3372746625BB25800054564E /* PianoKeyView.swift in Sources */,
				33F8EF8525BB19FE00ADF72C /* ContentView.swift in Sources */,
				3372746025BB25430054564E /* PianoView.swift in Sources */,
				33F8EFAC25BB1F1800ADF72C /* MidiSoundFont.swift in Sources */,
				33F8EF9A25BB1EC800ADF72C /* PianoSound.swift in Sources */,
				33F8EF8325BB19FE00ADF72C /* AnotherCoreAudioAttemptApp.swift in Sources */,
				3372746325BB25710054564E /* PianoKeyModel.swift in Sources */,
			);
			runOnlyForDeploymentPostprocessing = 0;
		};
/* End PBXSourcesBuildPhase section */

/* Begin XCBuildConfiguration section */
		33F8EF8D25BB19FF00ADF72C /* Debug */ = {
			isa = XCBuildConfiguration;
			buildSettings = {
				ALWAYS_SEARCH_USER_PATHS = NO;
				CLANG_ANALYZER_NONNULL = YES;
				CLANG_ANALYZER_NUMBER_OBJECT_CONVERSION = YES_AGGRESSIVE;
				CLANG_CXX_LANGUAGE_STANDARD = "gnu++14";
				CLANG_CXX_LIBRARY = "libc++";
				CLANG_ENABLE_MODULES = YES;
				CLANG_ENABLE_OBJC_ARC = YES;
				CLANG_ENABLE_OBJC_WEAK = YES;
				CLANG_WARN_BLOCK_CAPTURE_AUTORELEASING = YES;
				CLANG_WARN_BOOL_CONVERSION = YES;
				CLANG_WARN_COMMA = YES;
				CLANG_WARN_CONSTANT_CONVERSION = YES;
				CLANG_WARN_DEPRECATED_OBJC_IMPLEMENTATIONS = YES;
				CLANG_WARN_DIRECT_OBJC_ISA_USAGE = YES_ERROR;
				CLANG_WARN_DOCUMENTATION_COMMENTS = YES;
				CLANG_WARN_EMPTY_BODY = YES;
				CLANG_WARN_ENUM_CONVERSION = YES;
				CLANG_WARN_INFINITE_RECURSION = YES;
				CLANG_WARN_INT_CONVERSION = YES;
				CLANG_WARN_NON_LITERAL_NULL_CONVERSION = YES;
				CLANG_WARN_OBJC_IMPLICIT_RETAIN_SELF = YES;
				CLANG_WARN_OBJC_LITERAL_CONVERSION = YES;
				CLANG_WARN_OBJC_ROOT_CLASS = YES_ERROR;
				CLANG_WARN_QUOTED_INCLUDE_IN_FRAMEWORK_HEADER = YES;
				CLANG_WARN_RANGE_LOOP_ANALYSIS = YES;
				CLANG_WARN_STRICT_PROTOTYPES = YES;
				CLANG_WARN_SUSPICIOUS_MOVE = YES;
				CLANG_WARN_UNGUARDED_AVAILABILITY = YES_AGGRESSIVE;
				CLANG_WARN_UNREACHABLE_CODE = YES;
				CLANG_WARN__DUPLICATE_METHOD_MATCH = YES;
				COPY_PHASE_STRIP = NO;
				DEBUG_INFORMATION_FORMAT = dwarf;
				ENABLE_STRICT_OBJC_MSGSEND = YES;
				ENABLE_TESTABILITY = YES;
				GCC_C_LANGUAGE_STANDARD = gnu11;
				GCC_DYNAMIC_NO_PIC = NO;
				GCC_NO_COMMON_BLOCKS = YES;
				GCC_OPTIMIZATION_LEVEL = 0;
				GCC_PREPROCESSOR_DEFINITIONS = (
					"DEBUG=1",
					"$(inherited)",
				);
				GCC_WARN_64_TO_32_BIT_CONVERSION = YES;
				GCC_WARN_ABOUT_RETURN_TYPE = YES_ERROR;
				GCC_WARN_UNDECLARED_SELECTOR = YES;
				GCC_WARN_UNINITIALIZED_AUTOS = YES_AGGRESSIVE;
				GCC_WARN_UNUSED_FUNCTION = YES;
				GCC_WARN_UNUSED_VARIABLE = YES;
				MACOSX_DEPLOYMENT_TARGET = 11.1;
				MTL_ENABLE_DEBUG_INFO = INCLUDE_SOURCE;
				MTL_FAST_MATH = YES;
				ONLY_ACTIVE_ARCH = YES;
				SDKROOT = macosx;
				SWIFT_ACTIVE_COMPILATION_CONDITIONS = DEBUG;
				SWIFT_OPTIMIZATION_LEVEL = "-Onone";
			};
			name = Debug;
		};
		33F8EF8E25BB19FF00ADF72C /* Release */ = {
			isa = XCBuildConfiguration;
			buildSettings = {
				ALWAYS_SEARCH_USER_PATHS = NO;
				CLANG_ANALYZER_NONNULL = YES;
				CLANG_ANALYZER_NUMBER_OBJECT_CONVERSION = YES_AGGRESSIVE;
				CLANG_CXX_LANGUAGE_STANDARD = "gnu++14";
				CLANG_CXX_LIBRARY = "libc++";
				CLANG_ENABLE_MODULES = YES;
				CLANG_ENABLE_OBJC_ARC = YES;
				CLANG_ENABLE_OBJC_WEAK = YES;
				CLANG_WARN_BLOCK_CAPTURE_AUTORELEASING = YES;
				CLANG_WARN_BOOL_CONVERSION = YES;
				CLANG_WARN_COMMA = YES;
				CLANG_WARN_CONSTANT_CONVERSION = YES;
				CLANG_WARN_DEPRECATED_OBJC_IMPLEMENTATIONS = YES;
				CLANG_WARN_DIRECT_OBJC_ISA_USAGE = YES_ERROR;
				CLANG_WARN_DOCUMENTATION_COMMENTS = YES;
				CLANG_WARN_EMPTY_BODY = YES;
				CLANG_WARN_ENUM_CONVERSION = YES;
				CLANG_WARN_INFINITE_RECURSION = YES;
				CLANG_WARN_INT_CONVERSION = YES;
				CLANG_WARN_NON_LITERAL_NULL_CONVERSION = YES;
				CLANG_WARN_OBJC_IMPLICIT_RETAIN_SELF = YES;
				CLANG_WARN_OBJC_LITERAL_CONVERSION = YES;
				CLANG_WARN_OBJC_ROOT_CLASS = YES_ERROR;
				CLANG_WARN_QUOTED_INCLUDE_IN_FRAMEWORK_HEADER = YES;
				CLANG_WARN_RANGE_LOOP_ANALYSIS = YES;
				CLANG_WARN_STRICT_PROTOTYPES = YES;
				CLANG_WARN_SUSPICIOUS_MOVE = YES;
				CLANG_WARN_UNGUARDED_AVAILABILITY = YES_AGGRESSIVE;
				CLANG_WARN_UNREACHABLE_CODE = YES;
				CLANG_WARN__DUPLICATE_METHOD_MATCH = YES;
				COPY_PHASE_STRIP = NO;
				DEBUG_INFORMATION_FORMAT = "dwarf-with-dsym";
				ENABLE_NS_ASSERTIONS = NO;
				ENABLE_STRICT_OBJC_MSGSEND = YES;
				GCC_C_LANGUAGE_STANDARD = gnu11;
				GCC_NO_COMMON_BLOCKS = YES;
				GCC_WARN_64_TO_32_BIT_CONVERSION = YES;
				GCC_WARN_ABOUT_RETURN_TYPE = YES_ERROR;
				GCC_WARN_UNDECLARED_SELECTOR = YES;
				GCC_WARN_UNINITIALIZED_AUTOS = YES_AGGRESSIVE;
				GCC_WARN_UNUSED_FUNCTION = YES;
				GCC_WARN_UNUSED_VARIABLE = YES;
				MACOSX_DEPLOYMENT_TARGET = 11.1;
				MTL_ENABLE_DEBUG_INFO = NO;
				MTL_FAST_MATH = YES;
				SDKROOT = macosx;
				SWIFT_COMPILATION_MODE = wholemodule;
				SWIFT_OPTIMIZATION_LEVEL = "-O";
			};
			name = Release;
		};
		33F8EF9025BB19FF00ADF72C /* Debug */ = {
			isa = XCBuildConfiguration;
			buildSettings = {
				ASSETCATALOG_COMPILER_APPICON_NAME = AppIcon;
				ASSETCATALOG_COMPILER_GLOBAL_ACCENT_COLOR_NAME = AccentColor;
				CODE_SIGN_ENTITLEMENTS = AnotherCoreAudioAttempt/AnotherCoreAudioAttempt.entitlements;
				CODE_SIGN_STYLE = Automatic;
				COMBINE_HIDPI_IMAGES = YES;
				DEVELOPMENT_ASSET_PATHS = "\"AnotherCoreAudioAttempt/Preview Content\"";
				DEVELOPMENT_TEAM = W6LQK45783;
				ENABLE_HARDENED_RUNTIME = YES;
				ENABLE_PREVIEWS = YES;
				INFOPLIST_FILE = AnotherCoreAudioAttempt/Info.plist;
				LD_RUNPATH_SEARCH_PATHS = (
					"$(inherited)",
					"@executable_path/../Frameworks",
				);
				MACOSX_DEPLOYMENT_TARGET = 11.0;
				PRODUCT_BUNDLE_IDENTIFIER = com.kswift.AnotherCoreAudioAttempt;
				PRODUCT_NAME = "$(TARGET_NAME)";
				SWIFT_VERSION = 5.0;
			};
			name = Debug;
		};
		33F8EF9125BB19FF00ADF72C /* Release */ = {
			isa = XCBuildConfiguration;
			buildSettings = {
				ASSETCATALOG_COMPILER_APPICON_NAME = AppIcon;
				ASSETCATALOG_COMPILER_GLOBAL_ACCENT_COLOR_NAME = AccentColor;
				CODE_SIGN_ENTITLEMENTS = AnotherCoreAudioAttempt/AnotherCoreAudioAttempt.entitlements;
				CODE_SIGN_STYLE = Automatic;
				COMBINE_HIDPI_IMAGES = YES;
				DEVELOPMENT_ASSET_PATHS = "\"AnotherCoreAudioAttempt/Preview Content\"";
				DEVELOPMENT_TEAM = W6LQK45783;
				ENABLE_HARDENED_RUNTIME = YES;
				ENABLE_PREVIEWS = YES;
				INFOPLIST_FILE = AnotherCoreAudioAttempt/Info.plist;
				LD_RUNPATH_SEARCH_PATHS = (
					"$(inherited)",
					"@executable_path/../Frameworks",
				);
				MACOSX_DEPLOYMENT_TARGET = 11.0;
				PRODUCT_BUNDLE_IDENTIFIER = com.kswift.AnotherCoreAudioAttempt;
				PRODUCT_NAME = "$(TARGET_NAME)";
				SWIFT_VERSION = 5.0;
			};
			name = Release;
		};
/* End XCBuildConfiguration section */

/* Begin XCConfigurationList section */
		33F8EF7A25BB19FE00ADF72C /* Build configuration list for PBXProject "AnotherCoreAudioAttempt" */ = {
			isa = XCConfigurationList;
			buildConfigurations = (
				33F8EF8D25BB19FF00ADF72C /* Debug */,
				33F8EF8E25BB19FF00ADF72C /* Release */,
			);
			defaultConfigurationIsVisible = 0;
			defaultConfigurationName = Release;
		};
		33F8EF8F25BB19FF00ADF72C /* Build configuration list for PBXNativeTarget "AnotherCoreAudioAttempt" */ = {
			isa = XCConfigurationList;
			buildConfigurations = (
				33F8EF9025BB19FF00ADF72C /* Debug */,
				33F8EF9125BB19FF00ADF72C /* Release */,
			);
			defaultConfigurationIsVisible = 0;
			defaultConfigurationName = Release;
		};
/* End XCConfigurationList section */

/* Begin XCRemoteSwiftPackageReference section */
		33F8EF9325BB1B0A00ADF72C /* XCRemoteSwiftPackageReference "AudioKit" */ = {
			isa = XCRemoteSwiftPackageReference;
			repositoryURL = "https://github.com/AudioKit/AudioKit";
			requirement = {
				branch = "v5-main";
				kind = branch;
			};
		};
/* End XCRemoteSwiftPackageReference section */

/* Begin XCSwiftPackageProductDependency section */
		33F8EF9425BB1B0A00ADF72C /* AudioKit */ = {
			isa = XCSwiftPackageProductDependency;
			package = 33F8EF9325BB1B0A00ADF72C /* XCRemoteSwiftPackageReference "AudioKit" */;
			productName = AudioKit;
		};
/* End XCSwiftPackageProductDependency section */
	};
	rootObject = 33F8EF7725BB19FE00ADF72C /* Project object */;
}
